// !$*UTF8*$!
{
	archiveVersion = 1;
	classes = {
	};
	objectVersion = 48;
	objects = {

/* Begin PBXBuildFile section */
		52205B7221C7708100B12865 /* ItemsVC.swift in Sources */ = {isa = PBXBuildFile; fileRef = 52205B7121C7708100B12865 /* ItemsVC.swift */; };
		52205B7421C770DA00B12865 /* ItemCell.swift in Sources */ = {isa = PBXBuildFile; fileRef = 52205B7321C770DA00B12865 /* ItemCell.swift */; };
		522F69792232ABD800C4753A /* AddShopVC.swift in Sources */ = {isa = PBXBuildFile; fileRef = 522F69782232ABD800C4753A /* AddShopVC.swift */; };
		529974C0223A780B00D283C0 /* MockValues.swift in Sources */ = {isa = PBXBuildFile; fileRef = 529974BF223A780B00D283C0 /* MockValues.swift */; };
		52AB19FB21C5692D0001BFDE /* SSLPersistentContainer.swift in Sources */ = {isa = PBXBuildFile; fileRef = 52AB19FA21C5692D0001BFDE /* SSLPersistentContainer.swift */; };
		52DE848721CB5FE2009EF111 /* ItemsAllTVC.swift in Sources */ = {isa = PBXBuildFile; fileRef = 52DE848621CB5FE2009EF111 /* ItemsAllTVC.swift */; };
		8418BD0421B0FD1F0095892E /* AppDelegate.swift in Sources */ = {isa = PBXBuildFile; fileRef = 8418BD0321B0FD1F0095892E /* AppDelegate.swift */; };
		8418BD0C21B0FD1F0095892E /* Shared_Shopping_List.xcdatamodeld in Sources */ = {isa = PBXBuildFile; fileRef = 8418BD0A21B0FD1F0095892E /* Shared_Shopping_List.xcdatamodeld */; };
		8418BD0E21B0FD1F0095892E /* Assets.xcassets in Resources */ = {isa = PBXBuildFile; fileRef = 8418BD0D21B0FD1F0095892E /* Assets.xcassets */; };
		8418BD1121B0FD1F0095892E /* LaunchScreen.storyboard in Resources */ = {isa = PBXBuildFile; fileRef = 8418BD0F21B0FD1F0095892E /* LaunchScreen.storyboard */; };
		8418BD2221B10CE90095892E /* StoreCell.swift in Sources */ = {isa = PBXBuildFile; fileRef = 8418BD2121B10CE90095892E /* StoreCell.swift */; };
		8418BD2321B10E0D0095892E /* Main.storyboard in Resources */ = {isa = PBXBuildFile; fileRef = 8418BD0721B0FD1F0095892E /* Main.storyboard */; };
		84EDA22121B113B300724FB7 /* StoresVC.swift in Sources */ = {isa = PBXBuildFile; fileRef = 84EDA22021B113B300724FB7 /* StoresVC.swift */; };
		FA6A6AB4223E729F00539FA1 /* CategoriesVC.swift in Sources */ = {isa = PBXBuildFile; fileRef = FA6A6AB3223E729F00539FA1 /* CategoriesVC.swift */; };
		FA6A6AB6223E738700539FA1 /* CategoryCell.swift in Sources */ = {isa = PBXBuildFile; fileRef = FA6A6AB5223E738700539FA1 /* CategoryCell.swift */; };
/* End PBXBuildFile section */

/* Begin PBXFileReference section */
		52205B7121C7708100B12865 /* ItemsVC.swift */ = {isa = PBXFileReference; lastKnownFileType = sourcecode.swift; path = ItemsVC.swift; sourceTree = "<group>"; };
		52205B7321C770DA00B12865 /* ItemCell.swift */ = {isa = PBXFileReference; lastKnownFileType = sourcecode.swift; path = ItemCell.swift; sourceTree = "<group>"; };
		522F69782232ABD800C4753A /* AddShopVC.swift */ = {isa = PBXFileReference; lastKnownFileType = sourcecode.swift; path = AddShopVC.swift; sourceTree = "<group>"; };
		529974BF223A780B00D283C0 /* MockValues.swift */ = {isa = PBXFileReference; lastKnownFileType = sourcecode.swift; path = MockValues.swift; sourceTree = "<group>"; };
		52AB19FA21C5692D0001BFDE /* SSLPersistentContainer.swift */ = {isa = PBXFileReference; lastKnownFileType = sourcecode.swift; path = SSLPersistentContainer.swift; sourceTree = "<group>"; };
		52DE848621CB5FE2009EF111 /* ItemsAllTVC.swift */ = {isa = PBXFileReference; lastKnownFileType = sourcecode.swift; path = ItemsAllTVC.swift; sourceTree = "<group>"; };
		8418BD0021B0FD1F0095892E /* Shared Shopping List.app */ = {isa = PBXFileReference; explicitFileType = wrapper.application; includeInIndex = 0; path = "Shared Shopping List.app"; sourceTree = BUILT_PRODUCTS_DIR; };
		8418BD0321B0FD1F0095892E /* AppDelegate.swift */ = {isa = PBXFileReference; lastKnownFileType = sourcecode.swift; path = AppDelegate.swift; sourceTree = "<group>"; };
		8418BD0821B0FD1F0095892E /* Base */ = {isa = PBXFileReference; lastKnownFileType = file.storyboard; name = Base; path = Base.lproj/Main.storyboard; sourceTree = "<group>"; };
		8418BD0B21B0FD1F0095892E /* Shared_Shopping_List.xcdatamodel */ = {isa = PBXFileReference; lastKnownFileType = wrapper.xcdatamodel; path = Shared_Shopping_List.xcdatamodel; sourceTree = "<group>"; };
		8418BD0D21B0FD1F0095892E /* Assets.xcassets */ = {isa = PBXFileReference; lastKnownFileType = folder.assetcatalog; path = Assets.xcassets; sourceTree = "<group>"; };
		8418BD1021B0FD1F0095892E /* Base */ = {isa = PBXFileReference; lastKnownFileType = file.storyboard; name = Base; path = Base.lproj/LaunchScreen.storyboard; sourceTree = "<group>"; };
		8418BD1221B0FD1F0095892E /* Info.plist */ = {isa = PBXFileReference; lastKnownFileType = text.plist.xml; path = Info.plist; sourceTree = "<group>"; };
		8418BD2121B10CE90095892E /* StoreCell.swift */ = {isa = PBXFileReference; lastKnownFileType = sourcecode.swift; path = StoreCell.swift; sourceTree = "<group>"; };
		84EDA22021B113B300724FB7 /* StoresVC.swift */ = {isa = PBXFileReference; lastKnownFileType = sourcecode.swift; path = StoresVC.swift; sourceTree = "<group>"; };
		FA6A6AB3223E729F00539FA1 /* CategoriesVC.swift */ = {isa = PBXFileReference; lastKnownFileType = sourcecode.swift; path = CategoriesVC.swift; sourceTree = "<group>"; };
		FA6A6AB5223E738700539FA1 /* CategoryCell.swift */ = {isa = PBXFileReference; lastKnownFileType = sourcecode.swift; path = CategoryCell.swift; sourceTree = "<group>"; };
/* End PBXFileReference section */

/* Begin PBXFrameworksBuildPhase section */
		8418BCFD21B0FD1F0095892E /* Frameworks */ = {
			isa = PBXFrameworksBuildPhase;
			buildActionMask = 2147483647;
			files = (
			);
			runOnlyForDeploymentPostprocessing = 0;
		};
/* End PBXFrameworksBuildPhase section */

/* Begin PBXGroup section */
		52205B6E21C7702800B12865 /* ItemsList */ = {
			isa = PBXGroup;
			children = (
				52205B7021C7704900B12865 /* V */,
				52205B6F21C7704300B12865 /* C */,
			);
			path = ItemsList;
			sourceTree = "<group>";
		};
		52205B6F21C7704300B12865 /* C */ = {
			isa = PBXGroup;
			children = (
				52205B7121C7708100B12865 /* ItemsVC.swift */,
			);
			path = C;
			sourceTree = "<group>";
		};
		52205B7021C7704900B12865 /* V */ = {
			isa = PBXGroup;
			children = (
				52205B7321C770DA00B12865 /* ItemCell.swift */,
			);
			path = V;
			sourceTree = "<group>";
		};
		522F69762232ABA600C4753A /* AddShop */ = {
			isa = PBXGroup;
			children = (
				522F69772232ABBB00C4753A /* C */,
			);
			path = AddShop;
			sourceTree = "<group>";
		};
		522F69772232ABBB00C4753A /* C */ = {
			isa = PBXGroup;
			children = (
				522F69782232ABD800C4753A /* AddShopVC.swift */,
			);
			path = C;
			sourceTree = "<group>";
		};
		52DE848421CB5F9E009EF111 /* ItemsAllList */ = {
			isa = PBXGroup;
			children = (
				52DE848521CB5FB2009EF111 /* C */,
			);
			path = ItemsAllList;
			sourceTree = "<group>";
		};
		52DE848521CB5FB2009EF111 /* C */ = {
			isa = PBXGroup;
			children = (
				52DE848621CB5FE2009EF111 /* ItemsAllTVC.swift */,
			);
			path = C;
			sourceTree = "<group>";
		};
		8418BCF721B0FD1F0095892E = {
			isa = PBXGroup;
			children = (
				8418BD0221B0FD1F0095892E /* Shared Shopping List */,
				8418BD0121B0FD1F0095892E /* Products */,
			);
			sourceTree = "<group>";
		};
		8418BD0121B0FD1F0095892E /* Products */ = {
			isa = PBXGroup;
			children = (
				8418BD0021B0FD1F0095892E /* Shared Shopping List.app */,
			);
			name = Products;
			sourceTree = "<group>";
		};
		8418BD0221B0FD1F0095892E /* Shared Shopping List */ = {
			isa = PBXGroup;
			children = (
				522F69762232ABA600C4753A /* AddShop */,
				52DE848421CB5F9E009EF111 /* ItemsAllList */,
				52205B6E21C7702800B12865 /* ItemsList */,
				8418BD1821B102C10095892E /* Main */,
				8418BD0321B0FD1F0095892E /* AppDelegate.swift */,
				52AB19FA21C5692D0001BFDE /* SSLPersistentContainer.swift */,
				529974BF223A780B00D283C0 /* MockValues.swift */,
				8418BD0721B0FD1F0095892E /* Main.storyboard */,
				8418BD0D21B0FD1F0095892E /* Assets.xcassets */,
				8418BD0F21B0FD1F0095892E /* LaunchScreen.storyboard */,
				8418BD1221B0FD1F0095892E /* Info.plist */,
				8418BD0A21B0FD1F0095892E /* Shared_Shopping_List.xcdatamodeld */,
			);
			path = "Shared Shopping List";
			sourceTree = "<group>";
		};
		8418BD1821B102C10095892E /* Main */ = {
			isa = PBXGroup;
			children = (
				8418BD2021B10CCD0095892E /* V */,
				8418BD1921B103000095892E /* C */,
			);
			path = Main;
			sourceTree = "<group>";
		};
		8418BD1921B103000095892E /* C */ = {
			isa = PBXGroup;
			children = (
				84EDA22021B113B300724FB7 /* StoresVC.swift */,
				FA6A6AB3223E729F00539FA1 /* CategoriesVC.swift */,
			);
			path = C;
			sourceTree = "<group>";
		};
		8418BD2021B10CCD0095892E /* V */ = {
			isa = PBXGroup;
			children = (
				8418BD2121B10CE90095892E /* StoreCell.swift */,
				FA6A6AB5223E738700539FA1 /* CategoryCell.swift */,
			);
			path = V;
			sourceTree = "<group>";
		};
/* End PBXGroup section */

/* Begin PBXNativeTarget section */
		8418BCFF21B0FD1F0095892E /* Shared Shopping List */ = {
			isa = PBXNativeTarget;
			buildConfigurationList = 8418BD1521B0FD1F0095892E /* Build configuration list for PBXNativeTarget "Shared Shopping List" */;
			buildPhases = (
				8418BCFC21B0FD1F0095892E /* Sources */,
				8418BCFD21B0FD1F0095892E /* Frameworks */,
				8418BCFE21B0FD1F0095892E /* Resources */,
			);
			buildRules = (
			);
			dependencies = (
			);
			name = "Shared Shopping List";
			productName = "Shared Shopping List";
			productReference = 8418BD0021B0FD1F0095892E /* Shared Shopping List.app */;
			productType = "com.apple.product-type.application";
		};
/* End PBXNativeTarget section */

/* Begin PBXProject section */
		8418BCF821B0FD1F0095892E /* Project object */ = {
			isa = PBXProject;
			attributes = {
				LastSwiftUpdateCheck = 0900;
				LastUpgradeCheck = 1010;
				ORGANIZATIONNAME = "Guest account";
				TargetAttributes = {
					8418BCFF21B0FD1F0095892E = {
						CreatedOnToolsVersion = 9.0;
						LastSwiftMigration = 1010;
						ProvisioningStyle = Automatic;
					};
				};
			};
			buildConfigurationList = 8418BCFB21B0FD1F0095892E /* Build configuration list for PBXProject "Shared Shopping List" */;
			compatibilityVersion = "Xcode 8.0";
			developmentRegion = en;
			hasScannedForEncodings = 0;
			knownRegions = (
				en,
				Base,
			);
			mainGroup = 8418BCF721B0FD1F0095892E;
			productRefGroup = 8418BD0121B0FD1F0095892E /* Products */;
			projectDirPath = "";
			projectRoot = "";
			targets = (
				8418BCFF21B0FD1F0095892E /* Shared Shopping List */,
			);
		};
/* End PBXProject section */

/* Begin PBXResourcesBuildPhase section */
		8418BCFE21B0FD1F0095892E /* Resources */ = {
			isa = PBXResourcesBuildPhase;
			buildActionMask = 2147483647;
			files = (
				8418BD2321B10E0D0095892E /* Main.storyboard in Resources */,
				8418BD1121B0FD1F0095892E /* LaunchScreen.storyboard in Resources */,
				8418BD0E21B0FD1F0095892E /* Assets.xcassets in Resources */,
			);
			runOnlyForDeploymentPostprocessing = 0;
		};
/* End PBXResourcesBuildPhase section */

/* Begin PBXSourcesBuildPhase section */
		8418BCFC21B0FD1F0095892E /* Sources */ = {
			isa = PBXSourcesBuildPhase;
			buildActionMask = 2147483647;
			files = (
				52205B7421C770DA00B12865 /* ItemCell.swift in Sources */,
				52205B7221C7708100B12865 /* ItemsVC.swift in Sources */,
				52AB19FB21C5692D0001BFDE /* SSLPersistentContainer.swift in Sources */,
				529974C0223A780B00D283C0 /* MockValues.swift in Sources */,
				84EDA22121B113B300724FB7 /* StoresVC.swift in Sources */,
				52DE848721CB5FE2009EF111 /* ItemsAllTVC.swift in Sources */,
				FA6A6AB4223E729F00539FA1 /* CategoriesVC.swift in Sources */,
				8418BD0421B0FD1F0095892E /* AppDelegate.swift in Sources */,
				8418BD0C21B0FD1F0095892E /* Shared_Shopping_List.xcdatamodeld in Sources */,
				522F69792232ABD800C4753A /* AddShopVC.swift in Sources */,
				8418BD2221B10CE90095892E /* StoreCell.swift in Sources */,
				FA6A6AB6223E738700539FA1 /* CategoryCell.swift in Sources */,
			);
			runOnlyForDeploymentPostprocessing = 0;
		};
/* End PBXSourcesBuildPhase section */

/* Begin PBXVariantGroup section */
		8418BD0721B0FD1F0095892E /* Main.storyboard */ = {
			isa = PBXVariantGroup;
			children = (
				8418BD0821B0FD1F0095892E /* Base */,
			);
			name = Main.storyboard;
			sourceTree = "<group>";
		};
		8418BD0F21B0FD1F0095892E /* LaunchScreen.storyboard */ = {
			isa = PBXVariantGroup;
			children = (
				8418BD1021B0FD1F0095892E /* Base */,
			);
			name = LaunchScreen.storyboard;
			sourceTree = "<group>";
		};
/* End PBXVariantGroup section */

/* Begin XCBuildConfiguration section */
		8418BD1321B0FD1F0095892E /* Debug */ = {
			isa = XCBuildConfiguration;
			buildSettings = {
				ALWAYS_SEARCH_USER_PATHS = NO;
				CLANG_ANALYZER_NONNULL = YES;
				CLANG_ANALYZER_NUMBER_OBJECT_CONVERSION = YES_AGGRESSIVE;
				CLANG_CXX_LANGUAGE_STANDARD = "gnu++14";
				CLANG_CXX_LIBRARY = "libc++";
				CLANG_ENABLE_MODULES = YES;
				CLANG_ENABLE_OBJC_ARC = YES;
				CLANG_WARN_BLOCK_CAPTURE_AUTORELEASING = YES;
				CLANG_WARN_BOOL_CONVERSION = YES;
				CLANG_WARN_COMMA = YES;
				CLANG_WARN_CONSTANT_CONVERSION = YES;
				CLANG_WARN_DEPRECATED_OBJC_IMPLEMENTATIONS = YES;
				CLANG_WARN_DIRECT_OBJC_ISA_USAGE = YES_ERROR;
				CLANG_WARN_DOCUMENTATION_COMMENTS = YES;
				CLANG_WARN_EMPTY_BODY = YES;
				CLANG_WARN_ENUM_CONVERSION = YES;
				CLANG_WARN_INFINITE_RECURSION = YES;
				CLANG_WARN_INT_CONVERSION = YES;
				CLANG_WARN_NON_LITERAL_NULL_CONVERSION = YES;
				CLANG_WARN_OBJC_IMPLICIT_RETAIN_SELF = YES;
				CLANG_WARN_OBJC_LITERAL_CONVERSION = YES;
				CLANG_WARN_OBJC_ROOT_CLASS = YES_ERROR;
				CLANG_WARN_RANGE_LOOP_ANALYSIS = YES;
				CLANG_WARN_STRICT_PROTOTYPES = YES;
				CLANG_WARN_SUSPICIOUS_MOVE = YES;
				CLANG_WARN_UNGUARDED_AVAILABILITY = YES_AGGRESSIVE;
				CLANG_WARN_UNREACHABLE_CODE = YES;
				CLANG_WARN__DUPLICATE_METHOD_MATCH = YES;
				CODE_SIGN_IDENTITY = "iPhone Developer";
				COPY_PHASE_STRIP = NO;
				DEBUG_INFORMATION_FORMAT = dwarf;
				ENABLE_STRICT_OBJC_MSGSEND = YES;
				ENABLE_TESTABILITY = YES;
				GCC_C_LANGUAGE_STANDARD = gnu11;
				GCC_DYNAMIC_NO_PIC = NO;
				GCC_NO_COMMON_BLOCKS = YES;
				GCC_OPTIMIZATION_LEVEL = 0;
				GCC_PREPROCESSOR_DEFINITIONS = (
					"DEBUG=1",
					"$(inherited)",
				);
				GCC_WARN_64_TO_32_BIT_CONVERSION = YES;
				GCC_WARN_ABOUT_RETURN_TYPE = YES_ERROR;
				GCC_WARN_UNDECLARED_SELECTOR = YES;
				GCC_WARN_UNINITIALIZED_AUTOS = YES_AGGRESSIVE;
				GCC_WARN_UNUSED_FUNCTION = YES;
				GCC_WARN_UNUSED_VARIABLE = YES;
				IPHONEOS_DEPLOYMENT_TARGET = 11.0;
				MTL_ENABLE_DEBUG_INFO = YES;
				ONLY_ACTIVE_ARCH = YES;
				SDKROOT = iphoneos;
				SWIFT_ACTIVE_COMPILATION_CONDITIONS = DEBUG;
				SWIFT_OPTIMIZATION_LEVEL = "-Onone";
			};
			name = Debug;
		};
		8418BD1421B0FD1F0095892E /* Release */ = {
			isa = XCBuildConfiguration;
			buildSettings = {
				ALWAYS_SEARCH_USER_PATHS = NO;
				CLANG_ANALYZER_NONNULL = YES;
				CLANG_ANALYZER_NUMBER_OBJECT_CONVERSION = YES_AGGRESSIVE;
				CLANG_CXX_LANGUAGE_STANDARD = "gnu++14";
				CLANG_CXX_LIBRARY = "libc++";
				CLANG_ENABLE_MODULES = YES;
				CLANG_ENABLE_OBJC_ARC = YES;
				CLANG_WARN_BLOCK_CAPTURE_AUTORELEASING = YES;
				CLANG_WARN_BOOL_CONVERSION = YES;
				CLANG_WARN_COMMA = YES;
				CLANG_WARN_CONSTANT_CONVERSION = YES;
				CLANG_WARN_DEPRECATED_OBJC_IMPLEMENTATIONS = YES;
				CLANG_WARN_DIRECT_OBJC_ISA_USAGE = YES_ERROR;
				CLANG_WARN_DOCUMENTATION_COMMENTS = YES;
				CLANG_WARN_EMPTY_BODY = YES;
				CLANG_WARN_ENUM_CONVERSION = YES;
				CLANG_WARN_INFINITE_RECURSION = YES;
				CLANG_WARN_INT_CONVERSION = YES;
				CLANG_WARN_NON_LITERAL_NULL_CONVERSION = YES;
				CLANG_WARN_OBJC_IMPLICIT_RETAIN_SELF = YES;
				CLANG_WARN_OBJC_LITERAL_CONVERSION = YES;
				CLANG_WARN_OBJC_ROOT_CLASS = YES_ERROR;
				CLANG_WARN_RANGE_LOOP_ANALYSIS = YES;
				CLANG_WARN_STRICT_PROTOTYPES = YES;
				CLANG_WARN_SUSPICIOUS_MOVE = YES;
				CLANG_WARN_UNGUARDED_AVAILABILITY = YES_AGGRESSIVE;
				CLANG_WARN_UNREACHABLE_CODE = YES;
				CLANG_WARN__DUPLICATE_METHOD_MATCH = YES;
				CODE_SIGN_IDENTITY = "iPhone Developer";
				COPY_PHASE_STRIP = NO;
				DEBUG_INFORMATION_FORMAT = "dwarf-with-dsym";
				ENABLE_NS_ASSERTIONS = NO;
				ENABLE_STRICT_OBJC_MSGSEND = YES;
				GCC_C_LANGUAGE_STANDARD = gnu11;
				GCC_NO_COMMON_BLOCKS = YES;
				GCC_WARN_64_TO_32_BIT_CONVERSION = YES;
				GCC_WARN_ABOUT_RETURN_TYPE = YES_ERROR;
				GCC_WARN_UNDECLARED_SELECTOR = YES;
				GCC_WARN_UNINITIALIZED_AUTOS = YES_AGGRESSIVE;
				GCC_WARN_UNUSED_FUNCTION = YES;
				GCC_WARN_UNUSED_VARIABLE = YES;
				IPHONEOS_DEPLOYMENT_TARGET = 11.0;
				MTL_ENABLE_DEBUG_INFO = NO;
				SDKROOT = iphoneos;
				SWIFT_OPTIMIZATION_LEVEL = "-Owholemodule";
				VALIDATE_PRODUCT = YES;
			};
			name = Release;
		};
		8418BD1621B0FD1F0095892E /* Debug */ = {
			isa = XCBuildConfiguration;
			buildSettings = {
				ALWAYS_EMBED_SWIFT_STANDARD_LIBRARIES = YES;
				ASSETCATALOG_COMPILER_APPICON_NAME = AppIcon;
				CODE_SIGN_IDENTITY = "iPhone Developer";
				CODE_SIGN_STYLE = Automatic;
				DEVELOPMENT_TEAM = FNVZ3V3WV5;
				INFOPLIST_FILE = "Shared Shopping List/Info.plist";
				IPHONEOS_DEPLOYMENT_TARGET = 10.0;
				LD_RUNPATH_SEARCH_PATHS = "$(inherited) @executable_path/Frameworks";
				PRODUCT_BUNDLE_IDENTIFIER = "MyCompany.Shared-Shopping-List";
				PRODUCT_NAME = "$(TARGET_NAME)";
				PROVISIONING_PROFILE_SPECIFIER = "";
				SWIFT_VERSION = 4.2;
				TARGETED_DEVICE_FAMILY = 1;
			};
			name = Debug;
		};
		8418BD1721B0FD1F0095892E /* Release */ = {
			isa = XCBuildConfiguration;
			buildSettings = {
				ALWAYS_EMBED_SWIFT_STANDARD_LIBRARIES = YES;
				ASSETCATALOG_COMPILER_APPICON_NAME = AppIcon;
				CODE_SIGN_IDENTITY = "iPhone Developer";
				CODE_SIGN_STYLE = Automatic;
				DEVELOPMENT_TEAM = FNVZ3V3WV5;
				INFOPLIST_FILE = "Shared Shopping List/Info.plist";
				IPHONEOS_DEPLOYMENT_TARGET = 10.0;
				LD_RUNPATH_SEARCH_PATHS = "$(inherited) @executable_path/Frameworks";
				PRODUCT_BUNDLE_IDENTIFIER = "MyCompany.Shared-Shopping-List";
				PRODUCT_NAME = "$(TARGET_NAME)";
				PROVISIONING_PROFILE_SPECIFIER = "";
				SWIFT_VERSION = 4.2;
				TARGETED_DEVICE_FAMILY = 1;
			};
			name = Release;
		};
/* End XCBuildConfiguration section */

/* Begin XCConfigurationList section */
		8418BCFB21B0FD1F0095892E /* Build configuration list for PBXProject "Shared Shopping List" */ = {
			isa = XCConfigurationList;
			buildConfigurations = (
				8418BD1321B0FD1F0095892E /* Debug */,
				8418BD1421B0FD1F0095892E /* Release */,
			);
			defaultConfigurationIsVisible = 0;
			defaultConfigurationName = Release;
		};
		8418BD1521B0FD1F0095892E /* Build configuration list for PBXNativeTarget "Shared Shopping List" */ = {
			isa = XCConfigurationList;
			buildConfigurations = (
				8418BD1621B0FD1F0095892E /* Debug */,
				8418BD1721B0FD1F0095892E /* Release */,
			);
			defaultConfigurationIsVisible = 0;
			defaultConfigurationName = Release;
		};
/* End XCConfigurationList section */

/* Begin XCVersionGroup section */
		8418BD0A21B0FD1F0095892E /* Shared_Shopping_List.xcdatamodeld */ = {
			isa = XCVersionGroup;
			children = (
				8418BD0B21B0FD1F0095892E /* Shared_Shopping_List.xcdatamodel */,
			);
			currentVersion = 8418BD0B21B0FD1F0095892E /* Shared_Shopping_List.xcdatamodel */;
			path = Shared_Shopping_List.xcdatamodeld;
			sourceTree = "<group>";
			versionGroupType = wrapper.xcdatamodel;
		};
/* End XCVersionGroup section */
	};
	rootObject = 8418BCF821B0FD1F0095892E /* Project object */;
}
